<?xml version="1.0" encoding="utf-8"?>
<Project ToolsVersion="4.0" xmlns="http://schemas.microsoft.com/developer/msbuild/2003">
  <ItemGroup>
    <ClCompile Include="test_cases.cpp" />
    <ClCompile Include="..\tests\main.cpp" />
    <ClCompile Include="..\inc\simple-win32\mfc\DlgTemplate.cpp">
      <Filter>simple-cpp-win32\mfc</Filter>
    </ClCompile>
    <ClCompile Include="..\inc\simple-win32\mfc\IECtrl.cpp">
      <Filter>simple-cpp-win32\mfc</Filter>
    </ClCompile>
    <ClCompile Include="..\inc\simple-win32\mfc\IECtrlEx.cpp">
      <Filter>simple-cpp-win32\mfc</Filter>
    </ClCompile>
    <ClCompile Include="stdafx.cpp" />
    <ClCompile Include="..\inc\simple-win32\mfc\FlashCtrl.cpp">
      <Filter>simple-cpp-win32\mfc</Filter>
    </ClCompile>
    <ClCompile Include="..\inc\simple-win32\mfc\FlashCtrlEx.cpp">
      <Filter>simple-cpp-win32\mfc</Filter>
    </ClCompile>
    <ClCompile Include="..\inc\simple-win32\dynamic.cpp">
      <Filter>simple-cpp-win32</Filter>
    </ClCompile>
    <ClCompile Include="..\inc\simple-win32\flashcall.cpp">
      <Filter>simple-cpp-win32</Filter>
    </ClCompile>
    <ClCompile Include="..\..\simple-cpp\inc\simple\string.cpp">
      <Filter>simple-cpp</Filter>
    </ClCompile>
    <ClCompile Include="..\inc\simple-win32\mfc\HtmlStatic.cpp">
      <Filter>simple-cpp-win32\mfc</Filter>
    </ClCompile>
    <ClCompile Include="..\inc\simple-win32\drawhtml.cpp">
      <Filter>simple-cpp-win32</Filter>
    </ClCompile>
    <ClCompile Include="..\inc\simple-win32\mfc\BitmapDC.cpp">
      <Filter>simple-cpp-win32\mfc</Filter>
    </ClCompile>
  </ItemGroup>
  <ItemGroup>
    <Filter Include="simple-cpp-win32">
      <UniqueIdentifier>{8b1c8135-5a5d-4c9b-a2b4-51248e01dedf}</UniqueIdentifier>
    </Filter>
    <Filter Include="simple-cpp">
      <UniqueIdentifier>{27a293bc-6afe-4f39-84dd-b915f5833fea}</UniqueIdentifier>
    </Filter>
    <Filter Include="simple-cpp-win32\mfc">
      <UniqueIdentifier>{4469ee56-82a3-4028-84bb-de63a39b3d2f}</UniqueIdentifier>
    </Filter>
  </ItemGroup>
  <ItemGroup>
    <ClInclude Include="..\inc\simple-win32\mfc\DlgTemplate.h">
      <Filter>simple-cpp-win32\mfc</Filter>
    </ClInclude>
    <ClInclude Include="..\inc\simple-win32\mfc\IECtrl.h">
      <Filter>simple-cpp-win32\mfc</Filter>
    </ClInclude>
    <ClInclude Include="..\inc\simple-win32\mfc\IECtrlEx.h">
      <Filter>simple-cpp-win32\mfc</Filter>
    </ClInclude>
    <ClInclude Include="stdafx.h" />
    <ClInclude Include="targetver.h" />
    <ClInclude Include="..\inc\simple-win32\mfc\FlashCtrl.h">
      <Filter>simple-cpp-win32\mfc</Filter>
    </ClInclude>
    <ClInclude Include="..\inc\simple-win32\mfc\FlashCtrlEx.h">
      <Filter>simple-cpp-win32\mfc</Filter>
    </ClInclude>
    <ClInclude Include="..\inc\simple-win32\dynamic.h">
      <Filter>simple-cpp-win32</Filter>
    </ClInclude>
    <ClInclude Include="..\inc\simple-win32\flashcall.h">
      <Filter>simple-cpp-win32</Filter>
    </ClInclude>
    <ClInclude Include="..\..\simple-cpp\inc\simple\string.h">
      <Filter>simple-cpp</Filter>
    </ClInclude>
    <ClInclude Include="..\inc\simple-win32\mfc\HtmlStatic.h">
      <Filter>simple-cpp-win32\mfc</Filter>
    </ClInclude>
    <ClInclude Include="..\inc\simple-win32\drawhtml.h">
      <Filter>simple-cpp-win32</Filter>
    </ClInclude>
    <ClInclude Include="..\inc\simple-win32\mfc\BitmapDC.h">
      <Filter>simple-cpp-win32\mfc</Filter>
    </ClInclude>
  </ItemGroup>
</Project>