<?xml version="1.0" encoding="utf-8"?>
<Project ToolsVersion="4.0" xmlns="http://schemas.microsoft.com/developer/msbuild/2003">
  <ItemGroup>
    <ClCompile Include="test_cases.cpp" />
    <ClCompile Include="..\tests\main.cpp" />
    <ClCompile Include="..\..\simple-cpp\inc\simple\string.cpp">
      <Filter>simple-cpp</Filter>
    </ClCompile>
    <ClCompile Include="..\..\simple-cpp\inc\simple\string_ex.cpp">
      <Filter>simple-cpp</Filter>
    </ClCompile>
    <ClCompile Include="..\..\simple-cpp\inc\simple\string_mime.cpp">
      <Filter>simple-cpp</Filter>
    </ClCompile>
    <ClCompile Include="..\..\simple-cpp\inc\simple\_third_convert_utf.cpp">
      <Filter>simple-cpp</Filter>
    </ClCompile>
    <ClCompile Include="..\..\simple-cpp\inc\simple\_third_pwgen.c">
      <Filter>simple-cpp</Filter>
    </ClCompile>
    <ClCompile Include="..\..\simple-cpp\inc\simple\_third_url_parser.c">
      <Filter>simple-cpp</Filter>
    </ClCompile>
    <ClCompile Include="..\..\simple-cpp\inc\simple\buffer.cpp">
      <Filter>simple-cpp</Filter>
    </ClCompile>
    <ClCompile Include="..\..\simple-cpp\inc\simple\_third_jread.c">
      <Filter>simple-cpp</Filter>
    </ClCompile>
    <ClCompile Include="..\..\simple-cpp\inc\simple\_third_json.cpp">
      <Filter>simple-cpp</Filter>
    </ClCompile>
    <ClCompile Include="..\..\simple-cpp\inc\simple\_third_jwrite.c">
      <Filter>simple-cpp</Filter>
    </ClCompile>
    <ClCompile Include="..\inc\simple-win32\_third_memory_module.c">
      <Filter>simple-cpp-win32</Filter>
    </ClCompile>
    <ClCompile Include="..\inc\simple-win32\dll.cpp">
      <Filter>simple-cpp-win32</Filter>
    </ClCompile>
    <ClCompile Include="..\inc\simple-win32\dynamic.cpp">
      <Filter>simple-cpp-win32</Filter>
    </ClCompile>
    <ClCompile Include="..\inc\simple-win32\dynamic_buffer.cpp">
      <Filter>simple-cpp-win32</Filter>
    </ClCompile>
    <ClCompile Include="..\inc\simple-win32\dynamic_json.cpp">
      <Filter>simple-cpp-win32</Filter>
    </ClCompile>
    <ClCompile Include="..\inc\simple-win32\exec.cpp">
      <Filter>simple-cpp-win32</Filter>
    </ClCompile>
    <ClCompile Include="..\inc\simple-win32\fiber.cpp">
      <Filter>simple-cpp-win32</Filter>
    </ClCompile>
    <ClCompile Include="..\inc\simple-win32\fs.cpp">
      <Filter>simple-cpp-win32</Filter>
    </ClCompile>
    <ClCompile Include="..\inc\simple-win32\ie.cpp">
      <Filter>simple-cpp-win32</Filter>
    </ClCompile>
    <ClCompile Include="..\inc\simple-win32\ie_download.cpp">
      <Filter>simple-cpp-win32</Filter>
    </ClCompile>
    <ClCompile Include="..\inc\simple-win32\ie_protocol.cpp">
      <Filter>simple-cpp-win32</Filter>
    </ClCompile>
    <ClCompile Include="..\inc\simple-win32\msg_thread.cpp">
      <Filter>simple-cpp-win32</Filter>
    </ClCompile>
    <ClCompile Include="..\inc\simple-win32\namedpipe.cpp">
      <Filter>simple-cpp-win32</Filter>
    </ClCompile>
    <ClCompile Include="..\inc\simple-win32\patcher.cpp">
      <Filter>simple-cpp-win32</Filter>
    </ClCompile>
    <ClCompile Include="..\inc\simple-win32\res.cpp">
      <Filter>simple-cpp-win32</Filter>
    </ClCompile>
    <ClCompile Include="..\inc\simple-win32\se.cpp">
      <Filter>simple-cpp-win32</Filter>
    </ClCompile>
    <ClCompile Include="..\inc\simple-win32\wdf.cpp">
      <Filter>simple-cpp-win32</Filter>
    </ClCompile>
    <ClCompile Include="..\inc\simple-win32\wdf_fs.cpp">
      <Filter>simple-cpp-win32</Filter>
    </ClCompile>
    <ClCompile Include="..\inc\simple-win32\wdf_protocol.cpp">
      <Filter>simple-cpp-win32</Filter>
    </ClCompile>
    <ClCompile Include="..\inc\simple-win32\thread.cpp">
      <Filter>simple-cpp-win32</Filter>
    </ClCompile>
    <ClCompile Include="..\inc\simple-win32\io_thread.cpp">
      <Filter>simple-cpp-win32</Filter>
    </ClCompile>
    <ClCompile Include="..\inc\simple-win32\namedpipe_thread.cpp">
      <Filter>simple-cpp-win32</Filter>
    </ClCompile>
    <ClCompile Include="..\..\simple-cpp\inc\simple\package.cpp">
      <Filter>simple-cpp</Filter>
    </ClCompile>
    <ClCompile Include="..\inc\simple-win32\drawhtml.cpp">
      <Filter>simple-cpp-win32</Filter>
    </ClCompile>
    <ClCompile Include="..\inc\simple-win32\flash.cpp">
      <Filter>simple-cpp-win32</Filter>
    </ClCompile>
    <ClCompile Include="..\inc\simple-win32\flashcall.cpp">
      <Filter>simple-cpp-win32</Filter>
    </ClCompile>
    <ClCompile Include="..\inc\simple-win32\comlib.cpp">
      <Filter>simple-cpp-win32</Filter>
    </ClCompile>
    <ClCompile Include="..\inc\simple-win32\bitmap.cpp">
      <Filter>simple-cpp-win32</Filter>
    </ClCompile>
    <ClCompile Include="..\inc\simple-win32\shortcut.cpp">
      <Filter>simple-cpp-win32</Filter>
    </ClCompile>
    <ClCompile Include="..\inc\simple-win32\win.cpp">
      <Filter>simple-cpp-win32</Filter>
    </ClCompile>
    <ClCompile Include="..\inc\simple-win32\desktop.cpp">
      <Filter>simple-cpp-win32</Filter>
    </ClCompile>
    <ClCompile Include="..\inc\simple-win32\gdiplus\subimage.cpp">
      <Filter>simple-cpp-win32\gdiplus</Filter>
    </ClCompile>
  </ItemGroup>
  <ItemGroup>
    <Filter Include="simple-cpp-win32">
      <UniqueIdentifier>{8b1c8135-5a5d-4c9b-a2b4-51248e01dedf}</UniqueIdentifier>
    </Filter>
    <Filter Include="simple-cpp">
      <UniqueIdentifier>{27a293bc-6afe-4f39-84dd-b915f5833fea}</UniqueIdentifier>
    </Filter>
    <Filter Include="simple-cpp-win32\gdiplus">
      <UniqueIdentifier>{ebd14c6d-99f8-4721-83ba-f7859a2c226f}</UniqueIdentifier>
    </Filter>
  </ItemGroup>
  <ItemGroup>
    <ClInclude Include="..\..\simple-cpp\inc\simple\string.h">
      <Filter>simple-cpp</Filter>
    </ClInclude>
    <ClInclude Include="..\..\simple-cpp\inc\simple\buffer.h">
      <Filter>simple-cpp</Filter>
    </ClInclude>
    <ClInclude Include="..\inc\simple-win32\anti.h">
      <Filter>simple-cpp-win32</Filter>
    </ClInclude>
    <ClInclude Include="..\inc\simple-win32\dispatch_impl.h">
      <Filter>simple-cpp-win32</Filter>
    </ClInclude>
    <ClInclude Include="..\inc\simple-win32\dispatch_ptr.h">
      <Filter>simple-cpp-win32</Filter>
    </ClInclude>
    <ClInclude Include="..\inc\simple-win32\dll.h">
      <Filter>simple-cpp-win32</Filter>
    </ClInclude>
    <ClInclude Include="..\inc\simple-win32\dynamic.h">
      <Filter>simple-cpp-win32</Filter>
    </ClInclude>
    <ClInclude Include="..\inc\simple-win32\exec.h">
      <Filter>simple-cpp-win32</Filter>
    </ClInclude>
    <ClInclude Include="..\inc\simple-win32\fiber.h">
      <Filter>simple-cpp-win32</Filter>
    </ClInclude>
    <ClInclude Include="..\inc\simple-win32\fs.h">
      <Filter>simple-cpp-win32</Filter>
    </ClInclude>
    <ClInclude Include="..\inc\simple-win32\ie.h">
      <Filter>simple-cpp-win32</Filter>
    </ClInclude>
    <ClInclude Include="..\inc\simple-win32\ie_download.h">
      <Filter>simple-cpp-win32</Filter>
    </ClInclude>
    <ClInclude Include="..\inc\simple-win32\ie_protocol.h">
      <Filter>simple-cpp-win32</Filter>
    </ClInclude>
    <ClInclude Include="..\inc\simple-win32\msg_handler.h">
      <Filter>simple-cpp-win32</Filter>
    </ClInclude>
    <ClInclude Include="..\inc\simple-win32\msg_thread.h">
      <Filter>simple-cpp-win32</Filter>
    </ClInclude>
    <ClInclude Include="..\inc\simple-win32\namedpipe.h">
      <Filter>simple-cpp-win32</Filter>
    </ClInclude>
    <ClInclude Include="..\inc\simple-win32\patcher.h">
      <Filter>simple-cpp-win32</Filter>
    </ClInclude>
    <ClInclude Include="..\inc\simple-win32\res.h">
      <Filter>simple-cpp-win32</Filter>
    </ClInclude>
    <ClInclude Include="..\inc\simple-win32\se.h">
      <Filter>simple-cpp-win32</Filter>
    </ClInclude>
    <ClInclude Include="..\inc\simple-win32\wdf.h">
      <Filter>simple-cpp-win32</Filter>
    </ClInclude>
    <ClInclude Include="..\inc\simple-win32\wdf_fs.h">
      <Filter>simple-cpp-win32</Filter>
    </ClInclude>
    <ClInclude Include="..\inc\simple-win32\wdf_protocol.h">
      <Filter>simple-cpp-win32</Filter>
    </ClInclude>
    <ClInclude Include="..\inc\simple-win32\thread.h">
      <Filter>simple-cpp-win32</Filter>
    </ClInclude>
    <ClInclude Include="..\inc\simple-win32\io_thread.h">
      <Filter>simple-cpp-win32</Filter>
    </ClInclude>
    <ClInclude Include="..\inc\simple-win32\namedpipe_thread.h">
      <Filter>simple-cpp-win32</Filter>
    </ClInclude>
    <ClInclude Include="..\..\simple-cpp\inc\simple\package.h">
      <Filter>simple-cpp</Filter>
    </ClInclude>
    <ClInclude Include="..\inc\simple-win32\drawhtml.h">
      <Filter>simple-cpp-win32</Filter>
    </ClInclude>
    <ClInclude Include="..\inc\simple-win32\flash.h">
      <Filter>simple-cpp-win32</Filter>
    </ClInclude>
    <ClInclude Include="..\inc\simple-win32\flashcall.h">
      <Filter>simple-cpp-win32</Filter>
    </ClInclude>
    <ClInclude Include="..\inc\simple-win32\comlib.h">
      <Filter>simple-cpp-win32</Filter>
    </ClInclude>
    <ClInclude Include="..\inc\simple-win32\bitmap.h">
      <Filter>simple-cpp-win32</Filter>
    </ClInclude>
    <ClInclude Include="..\inc\simple-win32\shortcut.h">
      <Filter>simple-cpp-win32</Filter>
    </ClInclude>
    <ClInclude Include="..\inc\simple-win32\win.h">
      <Filter>simple-cpp-win32</Filter>
    </ClInclude>
    <ClInclude Include="..\inc\simple-win32\desktop.h">
      <Filter>simple-cpp-win32</Filter>
    </ClInclude>
    <ClInclude Include="..\inc\simple-win32\gdiplus\subimage.h">
      <Filter>simple-cpp-win32\gdiplus</Filter>
    </ClInclude>
  </ItemGroup>
  <ItemGroup>
    <None Include="..\inc\simple-win32\detect_mem_leak.inc">
      <Filter>simple-cpp-win32</Filter>
    </None>
  </ItemGroup>
</Project>