<?xml version="1.0" encoding="utf-8"?>
<Project ToolsVersion="4.0" xmlns="http://schemas.microsoft.com/developer/msbuild/2003">
  <ItemGroup>
    <ClCompile Include="test_cases.cpp" />
    <ClCompile Include="..\tests\main.cpp" />
    <ClCompile Include="..\..\simple-cpp\inc\simple\string.cpp">
      <Filter>simple-cpp</Filter>
    </ClCompile>
    <ClCompile Include="..\..\simple-cpp\inc\simple\string_ex.cpp">
      <Filter>simple-cpp</Filter>
    </ClCompile>
    <ClCompile Include="..\..\simple-cpp\inc\simple\string_mime.cpp">
      <Filter>simple-cpp</Filter>
    </ClCompile>
    <ClCompile Include="..\inc\simple\_third_memory_module.c">
      <Filter>simple-cpp-win32</Filter>
    </ClCompile>
    <ClCompile Include="..\inc\simple\dll.cpp">
      <Filter>simple-cpp-win32</Filter>
    </ClCompile>
    <ClCompile Include="..\inc\simple\exec.cpp">
      <Filter>simple-cpp-win32</Filter>
    </ClCompile>
    <ClCompile Include="..\..\simple-cpp\inc\simple\_third_convert_utf.cpp">
      <Filter>simple-cpp</Filter>
    </ClCompile>
    <ClCompile Include="..\..\simple-cpp\inc\simple\_third_pwgen.c">
      <Filter>simple-cpp</Filter>
    </ClCompile>
    <ClCompile Include="..\..\simple-cpp\inc\simple\_third_url_parser.c">
      <Filter>simple-cpp</Filter>
    </ClCompile>
    <ClCompile Include="..\inc\simple\se.cpp">
      <Filter>simple-cpp-win32</Filter>
    </ClCompile>
    <ClCompile Include="..\inc\simple\dynamic.cpp">
      <Filter>simple-cpp-win32</Filter>
    </ClCompile>
    <ClCompile Include="..\..\simple-cpp\inc\simple\buffer.cpp">
      <Filter>simple-cpp</Filter>
    </ClCompile>
    <ClCompile Include="..\..\simple-cpp\inc\simple\_third_jread.c">
      <Filter>simple-cpp</Filter>
    </ClCompile>
    <ClCompile Include="..\..\simple-cpp\inc\simple\_third_json.cpp">
      <Filter>simple-cpp</Filter>
    </ClCompile>
    <ClCompile Include="..\..\simple-cpp\inc\simple\_third_jwrite.c">
      <Filter>simple-cpp</Filter>
    </ClCompile>
    <ClCompile Include="..\inc\simple\wdf.cpp">
      <Filter>simple-cpp-win32</Filter>
    </ClCompile>
    <ClCompile Include="..\inc\simple\wdf_fs.cpp">
      <Filter>simple-cpp-win32</Filter>
    </ClCompile>
    <ClCompile Include="..\inc\simple\ie_download.cpp">
      <Filter>simple-cpp-win32</Filter>
    </ClCompile>
    <ClCompile Include="..\inc\simple\ie_protocol.cpp">
      <Filter>simple-cpp-win32</Filter>
    </ClCompile>
    <ClCompile Include="..\inc\simple\ie.cpp">
      <Filter>simple-cpp-win32</Filter>
    </ClCompile>
    <ClCompile Include="..\inc\simple\wdf_protocol.cpp">
      <Filter>simple-cpp-win32</Filter>
    </ClCompile>
    <ClCompile Include="..\inc\simple\dynamic_buffer.cpp">
      <Filter>simple-cpp-win32</Filter>
    </ClCompile>
    <ClCompile Include="..\inc\simple\dynamic_json.cpp">
      <Filter>simple-cpp-win32</Filter>
    </ClCompile>
    <ClCompile Include="..\inc\simple\msg_thread.cpp">
      <Filter>simple-cpp-win32</Filter>
    </ClCompile>
    <ClCompile Include="..\inc\simple\fiber.cpp">
      <Filter>simple-cpp-win32</Filter>
    </ClCompile>
    <ClCompile Include="..\inc\simple\namedpipe.cpp">
      <Filter>simple-cpp-win32</Filter>
    </ClCompile>
    <ClCompile Include="..\inc\simple\res.cpp">
      <Filter>simple-cpp-win32</Filter>
    </ClCompile>
    <ClCompile Include="..\inc\simple\patcher.cpp">
      <Filter>simple-cpp-win32</Filter>
    </ClCompile>
  </ItemGroup>
  <ItemGroup>
    <Filter Include="simple-cpp-win32">
      <UniqueIdentifier>{8b1c8135-5a5d-4c9b-a2b4-51248e01dedf}</UniqueIdentifier>
    </Filter>
    <Filter Include="simple-cpp">
      <UniqueIdentifier>{27a293bc-6afe-4f39-84dd-b915f5833fea}</UniqueIdentifier>
    </Filter>
  </ItemGroup>
  <ItemGroup>
    <ClInclude Include="..\..\simple-cpp\inc\simple\string.h">
      <Filter>simple-cpp</Filter>
    </ClInclude>
    <ClInclude Include="..\inc\simple\dll.h">
      <Filter>simple-cpp-win32</Filter>
    </ClInclude>
    <ClInclude Include="..\inc\simple\exec.h">
      <Filter>simple-cpp-win32</Filter>
    </ClInclude>
    <ClInclude Include="..\inc\simple\se.h">
      <Filter>simple-cpp-win32</Filter>
    </ClInclude>
    <ClInclude Include="..\inc\simple\dynamic.h">
      <Filter>simple-cpp-win32</Filter>
    </ClInclude>
    <ClInclude Include="..\..\simple-cpp\inc\simple\buffer.h">
      <Filter>simple-cpp</Filter>
    </ClInclude>
    <ClInclude Include="..\inc\simple\dispatch_ptr.h">
      <Filter>simple-cpp-win32</Filter>
    </ClInclude>
    <ClInclude Include="..\inc\simple\dispatch_impl.h">
      <Filter>simple-cpp-win32</Filter>
    </ClInclude>
    <ClInclude Include="..\inc\simple\wdf.h">
      <Filter>simple-cpp-win32</Filter>
    </ClInclude>
    <ClInclude Include="..\inc\simple\wdf_fs.h">
      <Filter>simple-cpp-win32</Filter>
    </ClInclude>
    <ClInclude Include="..\inc\simple\ie_download.h">
      <Filter>simple-cpp-win32</Filter>
    </ClInclude>
    <ClInclude Include="..\inc\simple\ie_protocol.h">
      <Filter>simple-cpp-win32</Filter>
    </ClInclude>
    <ClInclude Include="..\inc\simple\ie.h">
      <Filter>simple-cpp-win32</Filter>
    </ClInclude>
    <ClInclude Include="..\inc\simple\wdf_protocol.h">
      <Filter>simple-cpp-win32</Filter>
    </ClInclude>
    <ClInclude Include="..\inc\simple\msg_handler.h">
      <Filter>simple-cpp-win32</Filter>
    </ClInclude>
    <ClInclude Include="..\inc\simple\msg_thread.h">
      <Filter>simple-cpp-win32</Filter>
    </ClInclude>
    <ClInclude Include="..\inc\simple\fiber.h">
      <Filter>simple-cpp-win32</Filter>
    </ClInclude>
    <ClInclude Include="..\inc\simple\namedpipe.h">
      <Filter>simple-cpp-win32</Filter>
    </ClInclude>
    <ClInclude Include="..\inc\simple\res.h">
      <Filter>simple-cpp-win32</Filter>
    </ClInclude>
    <ClInclude Include="..\inc\simple\patcher.h">
      <Filter>simple-cpp-win32</Filter>
    </ClInclude>
    <ClInclude Include="..\inc\simple\anti.h">
      <Filter>simple-cpp-win32</Filter>
    </ClInclude>
  </ItemGroup>
  <ItemGroup>
    <None Include="..\inc\simple\detect_mem_leak.inc">
      <Filter>simple-cpp-win32</Filter>
    </None>
  </ItemGroup>
</Project>